
Microsoft Visual Studio Solution File, Format Version 12.00
# Visual Studio Version 16
VisualStudioVersion = 16.0.31702.278
MinimumVisualStudioVersion = 10.0.40219.1
Project("{8BC9CEB8-8B4A-11D0-8D11-00A0C91BC942}") = "Defect_Density", "Defect_Density\Defect_Density.vcxproj", "{78E4519E-48A6-49E2-928E-37B40503F82F}"
EndProject
Global
	GlobalSection(SolutionConfigurationPlatforms) = preSolution
		Debug|x64 = Debug|x64
		Debug|x86 = Debug|x86
		Release|x64 = Release|x64
		Release|x86 = Release|x86
	EndGlobalSection
	GlobalSection(ProjectConfigurationPlatforms) = postSolution
		{78E4519E-48A6-49E2-928E-37B40503F82F}.Debug|x64.ActiveCfg = Debug|x64
		{78E4519E-48A6-49E2-928E-37B40503F82F}.Debug|x64.Build.0 = Debug|x64
		{78E4519E-48A6-49E2-928E-37B40503F82F}.Debug|x86.ActiveCfg = Debug|Win32
		{78E4519E-48A6-49E2-928E-37B40503F82F}.Debug|x86.Build.0 = Debug|Win32
		{78E4519E-48A6-49E2-928E-37B40503F82F}.Release|x64.ActiveCfg = Release|x64
		{78E4519E-48A6-49E2-928E-37B40503F82F}.Release|x64.Build.0 = Release|x64
		{78E4519E-48A6-49E2-928E-37B40503F82F}.Release|x86.ActiveCfg = Release|Win32
		{78E4519E-48A6-49E2-928E-37B40503F82F}.Release|x86.Build.0 = Release|Win32
	EndGlobalSection
	GlobalSection(SolutionProperties) = preSolution
		HideSolutionNode = FALSE
	EndGlobalSection
	GlobalSection(ExtensibilityGlobals) = postSolution
		SolutionGuid = {3C315338-872D-4E3A-9A40-216E7AD845C0}
	EndGlobalSection
EndGlobal
